
Microsoft Visual Studio Solution File, Format Version 12.00
# Visual Studio 2013
VisualStudioVersion = 12.0.21005.1
MinimumVisualStudioVersion = 10.0.40219.1
Project("{FAE04EC0-301F-11D3-BF4B-00C04F79EFBC}") = "KasseApparat", "KasseApparat\KasseApparat.csproj", "{1FCA1C8B-E899-48AE-B6B1-B9CC7E58A31C}"
EndProject
Project("{FAE04EC0-301F-11D3-BF4B-00C04F79EFBC}") = "KasseApparat.UnitTest", "KasseApparat.UnitTest\KasseApparat.UnitTest.csproj", "{C8D5ED01-ABDF-4D8F-9306-6DD5BF2F6E06}"
EndProject
Global
	GlobalSection(SolutionConfigurationPlatforms) = preSolution
		Debug|Any CPU = Debug|Any CPU
		Release|Any CPU = Release|Any CPU
	EndGlobalSection
	GlobalSection(ProjectConfigurationPlatforms) = postSolution
		{1FCA1C8B-E899-48AE-B6B1-B9CC7E58A31C}.Debug|Any CPU.ActiveCfg = Debug|Any CPU
		{1FCA1C8B-E899-48AE-B6B1-B9CC7E58A31C}.Debug|Any CPU.Build.0 = Debug|Any CPU
		{1FCA1C8B-E899-48AE-B6B1-B9CC7E58A31C}.Release|Any CPU.ActiveCfg = Release|Any CPU
		{1FCA1C8B-E899-48AE-B6B1-B9CC7E58A31C}.Release|Any CPU.Build.0 = Release|Any CPU
		{C8D5ED01-ABDF-4D8F-9306-6DD5BF2F6E06}.Debug|Any CPU.ActiveCfg = Debug|Any CPU
		{C8D5ED01-ABDF-4D8F-9306-6DD5BF2F6E06}.Debug|Any CPU.Build.0 = Debug|Any CPU
		{C8D5ED01-ABDF-4D8F-9306-6DD5BF2F6E06}.Release|Any CPU.ActiveCfg = Release|Any CPU
		{C8D5ED01-ABDF-4D8F-9306-6DD5BF2F6E06}.Release|Any CPU.Build.0 = Release|Any CPU
	EndGlobalSection
	GlobalSection(SolutionProperties) = preSolution
		HideSolutionNode = FALSE
	EndGlobalSection
EndGlobal
