
Microsoft Visual Studio Solution File, Format Version 12.00
# Visual Studio 2013
VisualStudioVersion = 12.0.30501.0
MinimumVisualStudioVersion = 10.0.40219.1
Project("{FAE04EC0-301F-11D3-BF4B-00C04F79EFBC}") = "SharedLib", "SharedLib\SharedLib.csproj", "{6A8E0088-6D64-48B2-BC16-C62A0306D8AA}"
EndProject
Project("{FAE04EC0-301F-11D3-BF4B-00C04F79EFBC}") = "SharedLib.UnitTest", "SharedLib.UnitTest\SharedLib.UnitTest.csproj", "{7F7A0D86-5709-4C4C-A0E6-6C65FDAFC76F}"
EndProject
Global
	GlobalSection(SolutionConfigurationPlatforms) = preSolution
		Debug|Any CPU = Debug|Any CPU
		Release|Any CPU = Release|Any CPU
	EndGlobalSection
	GlobalSection(ProjectConfigurationPlatforms) = postSolution
		{6A8E0088-6D64-48B2-BC16-C62A0306D8AA}.Debug|Any CPU.ActiveCfg = Debug|Any CPU
		{6A8E0088-6D64-48B2-BC16-C62A0306D8AA}.Debug|Any CPU.Build.0 = Debug|Any CPU
		{6A8E0088-6D64-48B2-BC16-C62A0306D8AA}.Release|Any CPU.ActiveCfg = Release|Any CPU
		{6A8E0088-6D64-48B2-BC16-C62A0306D8AA}.Release|Any CPU.Build.0 = Release|Any CPU
		{7F7A0D86-5709-4C4C-A0E6-6C65FDAFC76F}.Debug|Any CPU.ActiveCfg = Debug|Any CPU
		{7F7A0D86-5709-4C4C-A0E6-6C65FDAFC76F}.Debug|Any CPU.Build.0 = Debug|Any CPU
		{7F7A0D86-5709-4C4C-A0E6-6C65FDAFC76F}.Release|Any CPU.ActiveCfg = Release|Any CPU
		{7F7A0D86-5709-4C4C-A0E6-6C65FDAFC76F}.Release|Any CPU.Build.0 = Release|Any CPU
	EndGlobalSection
	GlobalSection(SolutionProperties) = preSolution
		HideSolutionNode = FALSE
	EndGlobalSection
EndGlobal
